
Microsoft Visual Studio Solution File, Format Version 12.00
# Visual Studio Version 17
VisualStudioVersion = 17.13.35919.96 d17.13
MinimumVisualStudioVersion = 10.0.40219.1
Project("{FAE04EC0-301F-11D3-BF4B-00C04F79EFBC}") = "WinFormsApp1", "WinFormsApp1\WinFormsApp1.csproj", "{CA611F93-446A-471F-A287-45DB3DCF6BD8}"
EndProject
Global
	GlobalSection(SolutionConfigurationPlatforms) = preSolution
		Debug|Any CPU = Debug|Any CPU
		Release|Any CPU = Release|Any CPU
	EndGlobalSection
	GlobalSection(ProjectConfigurationPlatforms) = postSolution
		{CA611F93-446A-471F-A287-45DB3DCF6BD8}.Debug|Any CPU.ActiveCfg = Debug|Any CPU
		{CA611F93-446A-471F-A287-45DB3DCF6BD8}.Debug|Any CPU.Build.0 = Debug|Any CPU
		{CA611F93-446A-471F-A287-45DB3DCF6BD8}.Release|Any CPU.ActiveCfg = Release|Any CPU
		{CA611F93-446A-471F-A287-45DB3DCF6BD8}.Release|Any CPU.Build.0 = Release|Any CPU
	EndGlobalSection
	GlobalSection(SolutionProperties) = preSolution
		HideSolutionNode = FALSE
	EndGlobalSection
	GlobalSection(ExtensibilityGlobals) = postSolution
		SolutionGuid = {27BF4658-E4DC-412A-A799-59A11BC4DF67}
	EndGlobalSection
EndGlobal
